
Microsoft Visual Studio Solution File, Format Version 12.00
# Visual Studio Version 16
VisualStudioVersion = 16.0.29609.76
MinimumVisualStudioVersion = 10.0.40219.1
Project("{9A19103F-16F7-4668-BE54-9A1E7A4F7556}") = "digwex", "digwex\digwex.csproj", "{5E4EC8FA-4056-4F56-8D27-F42C9DBB18FD}"
EndProject
Global
	GlobalSection(SolutionConfigurationPlatforms) = preSolution
		Debug|Any CPU = Debug|Any CPU
		Release|Any CPU = Release|Any CPU
	EndGlobalSection
	GlobalSection(ProjectConfigurationPlatforms) = postSolution
		{5E4EC8FA-4056-4F56-8D27-F42C9DBB18FD}.Debug|Any CPU.ActiveCfg = Debug|Any CPU
		{5E4EC8FA-4056-4F56-8D27-F42C9DBB18FD}.Debug|Any CPU.Build.0 = Debug|Any CPU
		{5E4EC8FA-4056-4F56-8D27-F42C9DBB18FD}.Release|Any CPU.ActiveCfg = Release|Any CPU
		{5E4EC8FA-4056-4F56-8D27-F42C9DBB18FD}.Release|Any CPU.Build.0 = Release|Any CPU
	EndGlobalSection
	GlobalSection(SolutionProperties) = preSolution
		HideSolutionNode = FALSE
	EndGlobalSection
	GlobalSection(ExtensibilityGlobals) = postSolution
		SolutionGuid = {FC0C9C75-91EA-4D28-8960-FC98613E86FA}
	EndGlobalSection
EndGlobal
